
Microsoft Visual Studio Solution File, Format Version 12.00
# Visual Studio 14
VisualStudioVersion = 14.0.25420.1
MinimumVisualStudioVersion = 10.0.40219.1
Project("{FAE04EC0-301F-11D3-BF4B-00C04F79EFBC}") = "LOGIN", "SystemDevelopment\LOGIN.csproj", "{EA963022-E1C9-4160-80D9-607DDE15E7DF}"
EndProject
Project("{FAE04EC0-301F-11D3-BF4B-00C04F79EFBC}") = "UserManage", "UserManage\UserManage.csproj", "{09EF60CD-4832-4215-AF19-D4EF3BF25E22}"
EndProject
Project("{FAE04EC0-301F-11D3-BF4B-00C04F79EFBC}") = "CommonControls", "CommonControls\CommonControls.csproj", "{9DCA1E31-B2AE-48A1-BAA4-E98F77F84C8B}"
EndProject
Project("{FAE04EC0-301F-11D3-BF4B-00C04F79EFBC}") = "InventoryManage", "InventoryManage\InventoryManage.csproj", "{45FAA0E5-41F4-44D5-B7C9-88C316D7447F}"
EndProject
Project("{FAE04EC0-301F-11D3-BF4B-00C04F79EFBC}") = "MetaData", "MetaData\MetaData.csproj", "{532C5C0A-B6EF-46B5-A169-F3AD0EB59026}"
EndProject
Global
	GlobalSection(SolutionConfigurationPlatforms) = preSolution
		Debug|Any CPU = Debug|Any CPU
		Release|Any CPU = Release|Any CPU
	EndGlobalSection
	GlobalSection(ProjectConfigurationPlatforms) = postSolution
		{EA963022-E1C9-4160-80D9-607DDE15E7DF}.Debug|Any CPU.ActiveCfg = Debug|Any CPU
		{EA963022-E1C9-4160-80D9-607DDE15E7DF}.Debug|Any CPU.Build.0 = Debug|Any CPU
		{EA963022-E1C9-4160-80D9-607DDE15E7DF}.Release|Any CPU.ActiveCfg = Release|Any CPU
		{EA963022-E1C9-4160-80D9-607DDE15E7DF}.Release|Any CPU.Build.0 = Release|Any CPU
		{09EF60CD-4832-4215-AF19-D4EF3BF25E22}.Debug|Any CPU.ActiveCfg = Debug|Any CPU
		{09EF60CD-4832-4215-AF19-D4EF3BF25E22}.Debug|Any CPU.Build.0 = Debug|Any CPU
		{09EF60CD-4832-4215-AF19-D4EF3BF25E22}.Release|Any CPU.ActiveCfg = Release|Any CPU
		{09EF60CD-4832-4215-AF19-D4EF3BF25E22}.Release|Any CPU.Build.0 = Release|Any CPU
		{9DCA1E31-B2AE-48A1-BAA4-E98F77F84C8B}.Debug|Any CPU.ActiveCfg = Debug|Any CPU
		{9DCA1E31-B2AE-48A1-BAA4-E98F77F84C8B}.Debug|Any CPU.Build.0 = Debug|Any CPU
		{9DCA1E31-B2AE-48A1-BAA4-E98F77F84C8B}.Release|Any CPU.ActiveCfg = Release|Any CPU
		{9DCA1E31-B2AE-48A1-BAA4-E98F77F84C8B}.Release|Any CPU.Build.0 = Release|Any CPU
		{45FAA0E5-41F4-44D5-B7C9-88C316D7447F}.Debug|Any CPU.ActiveCfg = Debug|Any CPU
		{45FAA0E5-41F4-44D5-B7C9-88C316D7447F}.Debug|Any CPU.Build.0 = Debug|Any CPU
		{45FAA0E5-41F4-44D5-B7C9-88C316D7447F}.Release|Any CPU.ActiveCfg = Release|Any CPU
		{45FAA0E5-41F4-44D5-B7C9-88C316D7447F}.Release|Any CPU.Build.0 = Release|Any CPU
		{532C5C0A-B6EF-46B5-A169-F3AD0EB59026}.Debug|Any CPU.ActiveCfg = Debug|Any CPU
		{532C5C0A-B6EF-46B5-A169-F3AD0EB59026}.Debug|Any CPU.Build.0 = Debug|Any CPU
		{532C5C0A-B6EF-46B5-A169-F3AD0EB59026}.Release|Any CPU.ActiveCfg = Release|Any CPU
		{532C5C0A-B6EF-46B5-A169-F3AD0EB59026}.Release|Any CPU.Build.0 = Release|Any CPU
	EndGlobalSection
	GlobalSection(SolutionProperties) = preSolution
		HideSolutionNode = FALSE
	EndGlobalSection
EndGlobal
