
Microsoft Visual Studio Solution File, Format Version 12.00
# Visual Studio 14
VisualStudioVersion = 14.0.25420.1
MinimumVisualStudioVersion = 10.0.40219.1
Project("{FAE04EC0-301F-11D3-BF4B-00C04F79EFBC}") = "LOGIN", "SystemDevelopment\LOGIN.csproj", "{EA963022-E1C9-4160-80D9-607DDE15E7DF}"
EndProject
Project("{FAE04EC0-301F-11D3-BF4B-00C04F79EFBC}") = "UserManage", "UserManage\UserManage.csproj", "{09EF60CD-4832-4215-AF19-D4EF3BF25E22}"
EndProject
Global
	GlobalSection(SolutionConfigurationPlatforms) = preSolution
		Debug|Any CPU = Debug|Any CPU
		Release|Any CPU = Release|Any CPU
	EndGlobalSection
	GlobalSection(ProjectConfigurationPlatforms) = postSolution
		{EA963022-E1C9-4160-80D9-607DDE15E7DF}.Debug|Any CPU.ActiveCfg = Debug|Any CPU
		{EA963022-E1C9-4160-80D9-607DDE15E7DF}.Debug|Any CPU.Build.0 = Debug|Any CPU
		{EA963022-E1C9-4160-80D9-607DDE15E7DF}.Release|Any CPU.ActiveCfg = Release|Any CPU
		{EA963022-E1C9-4160-80D9-607DDE15E7DF}.Release|Any CPU.Build.0 = Release|Any CPU
		{09EF60CD-4832-4215-AF19-D4EF3BF25E22}.Debug|Any CPU.ActiveCfg = Debug|Any CPU
		{09EF60CD-4832-4215-AF19-D4EF3BF25E22}.Debug|Any CPU.Build.0 = Debug|Any CPU
		{09EF60CD-4832-4215-AF19-D4EF3BF25E22}.Release|Any CPU.ActiveCfg = Release|Any CPU
		{09EF60CD-4832-4215-AF19-D4EF3BF25E22}.Release|Any CPU.Build.0 = Release|Any CPU
	EndGlobalSection
	GlobalSection(SolutionProperties) = preSolution
		HideSolutionNode = FALSE
	EndGlobalSection
EndGlobal
